// !$*UTF8*$!
{
	archiveVersion = 1;
	classes = {
	};
	objectVersion = 51;
	objects = {

/* Begin PBXBuildFile section */
		840FB38322CA5D4000591EC5 /* RxCocoa.framework in Frameworks */ = {isa = PBXBuildFile; fileRef = 840FB37622CA5D3F00591EC5 /* RxCocoa.framework */; };
		840FB38422CA5D4000591EC5 /* Moya.framework in Frameworks */ = {isa = PBXBuildFile; fileRef = 840FB37722CA5D3F00591EC5 /* Moya.framework */; };
		840FB38522CA5D4000591EC5 /* RxDataSources.framework in Frameworks */ = {isa = PBXBuildFile; fileRef = 840FB37822CA5D3F00591EC5 /* RxDataSources.framework */; };
		840FB38622CA5D4000591EC5 /* RxMoya.framework in Frameworks */ = {isa = PBXBuildFile; fileRef = 840FB37922CA5D3F00591EC5 /* RxMoya.framework */; };
		840FB38722CA5D4000591EC5 /* Alamofire.framework in Frameworks */ = {isa = PBXBuildFile; fileRef = 840FB37A22CA5D3F00591EC5 /* Alamofire.framework */; };
		840FB38822CA5D4000591EC5 /* RxOptional.framework in Frameworks */ = {isa = PBXBuildFile; fileRef = 840FB37B22CA5D3F00591EC5 /* RxOptional.framework */; };
		840FB38922CA5D4000591EC5 /* RxTheme.framework in Frameworks */ = {isa = PBXBuildFile; fileRef = 840FB37C22CA5D3F00591EC5 /* RxTheme.framework */; };
		840FB38A22CA5D4000591EC5 /* Differentiator.framework in Frameworks */ = {isa = PBXBuildFile; fileRef = 840FB37D22CA5D3F00591EC5 /* Differentiator.framework */; };
		840FB38B22CA5D4000591EC5 /* RxSwift.framework in Frameworks */ = {isa = PBXBuildFile; fileRef = 840FB37E22CA5D3F00591EC5 /* RxSwift.framework */; };
		840FB38C22CA5D4000591EC5 /* Result.framework in Frameworks */ = {isa = PBXBuildFile; fileRef = 840FB37F22CA5D3F00591EC5 /* Result.framework */; };
		840FB38D22CA5D4000591EC5 /* SwinjectAutoregistration.framework in Frameworks */ = {isa = PBXBuildFile; fileRef = 840FB38022CA5D3F00591EC5 /* SwinjectAutoregistration.framework */; };
		840FB38E22CA5D4000591EC5 /* Swinject.framework in Frameworks */ = {isa = PBXBuildFile; fileRef = 840FB38122CA5D3F00591EC5 /* Swinject.framework */; };
		840FB38F22CA5D4000591EC5 /* SwinjectStoryboard.framework in Frameworks */ = {isa = PBXBuildFile; fileRef = 840FB38222CA5D4000591EC5 /* SwinjectStoryboard.framework */; };
		840FB39122CA5EC000591EC5 /* RxRelay.framework in Frameworks */ = {isa = PBXBuildFile; fileRef = 840FB39022CA5EC000591EC5 /* RxRelay.framework */; };
		840FB39322CB65D900591EC5 /* BaseCoordinator.swift in Sources */ = {isa = PBXBuildFile; fileRef = 840FB39222CB65D900591EC5 /* BaseCoordinator.swift */; };
		840FB39922CB76C700591EC5 /* Cell.swift in Sources */ = {isa = PBXBuildFile; fileRef = 840FB39822CB76C700591EC5 /* Cell.swift */; };
		844782602244C835008D84C0 /* Settings.swift in Sources */ = {isa = PBXBuildFile; fileRef = 8447825F2244C835008D84C0 /* Settings.swift */; };
		84478264224504E9008D84C0 /* SwitchCellViewModel.swift in Sources */ = {isa = PBXBuildFile; fileRef = 84478263224504E9008D84C0 /* SwitchCellViewModel.swift */; };
		8447826622450534008D84C0 /* VersionCellViewModel.swift in Sources */ = {isa = PBXBuildFile; fileRef = 8447826522450534008D84C0 /* VersionCellViewModel.swift */; };
		8447826822455E55008D84C0 /* Reusable.swift in Sources */ = {isa = PBXBuildFile; fileRef = 8447826722455E54008D84C0 /* Reusable.swift */; };
		8447826A22455F51008D84C0 /* UITableView+Reusable.swift in Sources */ = {isa = PBXBuildFile; fileRef = 8447826922455F51008D84C0 /* UITableView+Reusable.swift */; };
		8447826C22463AF2008D84C0 /* AppAssembly.swift in Sources */ = {isa = PBXBuildFile; fileRef = 8447826B22463AF2008D84C0 /* AppAssembly.swift */; };
		8447826E22463B45008D84C0 /* DiscoverAssembly.swift in Sources */ = {isa = PBXBuildFile; fileRef = 8447826D22463B45008D84C0 /* DiscoverAssembly.swift */; };
		8447827022463BF0008D84C0 /* MoreAssembly.swift in Sources */ = {isa = PBXBuildFile; fileRef = 8447826F22463BF0008D84C0 /* MoreAssembly.swift */; };
		8447827222463C6D008D84C0 /* SearchAssembly.swift in Sources */ = {isa = PBXBuildFile; fileRef = 8447827122463C6D008D84C0 /* SearchAssembly.swift */; };
		8447827422463CD0008D84C0 /* SettingsAssembly.swift in Sources */ = {isa = PBXBuildFile; fileRef = 8447827322463CD0008D84C0 /* SettingsAssembly.swift */; };
		8447827922479A15008D84C0 /* TMDB.swift in Sources */ = {isa = PBXBuildFile; fileRef = 8447827822479A15008D84C0 /* TMDB.swift */; };
		8447827C2247F941008D84C0 /* Search.swift in Sources */ = {isa = PBXBuildFile; fileRef = 8447827B2247F941008D84C0 /* Search.swift */; };
		84715EB62248F7770020CC3A /* SearchCell.swift in Sources */ = {isa = PBXBuildFile; fileRef = 84715EB42248F7770020CC3A /* SearchCell.swift */; };
		84715EB72248F7770020CC3A /* SearchCell.xib in Resources */ = {isa = PBXBuildFile; fileRef = 84715EB52248F7770020CC3A /* SearchCell.xib */; };
		84715EB9224916B50020CC3A /* SearchCellViewModel.swift in Sources */ = {isa = PBXBuildFile; fileRef = 84715EB8224916B50020CC3A /* SearchCellViewModel.swift */; };
		84722FAA2261FB1B00BF7398 /* Configuration.plist in Resources */ = {isa = PBXBuildFile; fileRef = 84722FA92261FB1B00BF7398 /* Configuration.plist */; };
		84722FAC2261FB6C00BF7398 /* Configuration.swift in Sources */ = {isa = PBXBuildFile; fileRef = 84722FAB2261FB6C00BF7398 /* Configuration.swift */; };
		84722FAE2261FBBC00BF7398 /* Dictionary+Plist.swift in Sources */ = {isa = PBXBuildFile; fileRef = 84722FAD2261FBBC00BF7398 /* Dictionary+Plist.swift */; };
		8483B66822121D0F00590283 /* AppDelegate.swift in Sources */ = {isa = PBXBuildFile; fileRef = 8483B66722121D0F00590283 /* AppDelegate.swift */; };
		8483B66F22121D1100590283 /* Assets.xcassets in Resources */ = {isa = PBXBuildFile; fileRef = 8483B66E22121D1100590283 /* Assets.xcassets */; };
		8483B67222121D1100590283 /* LaunchScreen.storyboard in Resources */ = {isa = PBXBuildFile; fileRef = 8483B67022121D1100590283 /* LaunchScreen.storyboard */; };
		8486E0D02243A8C30020CCD5 /* UINavigationController+StatusBarStyle.swift in Sources */ = {isa = PBXBuildFile; fileRef = 8486E0CF2243A8C30020CCD5 /* UINavigationController+StatusBarStyle.swift */; };
		8486E0D42243A92E0020CCD5 /* SwitchCell.swift in Sources */ = {isa = PBXBuildFile; fileRef = 8486E0D22243A92E0020CCD5 /* SwitchCell.swift */; };
		8486E0D52243A92E0020CCD5 /* SwitchCell.xib in Resources */ = {isa = PBXBuildFile; fileRef = 8486E0D32243A92E0020CCD5 /* SwitchCell.xib */; };
		8486E0D82243ACB90020CCD5 /* VersionCell.swift in Sources */ = {isa = PBXBuildFile; fileRef = 8486E0D62243ACB90020CCD5 /* VersionCell.swift */; };
		8486E0D92243ACB90020CCD5 /* VersionCell.xib in Resources */ = {isa = PBXBuildFile; fileRef = 8486E0D72243ACB90020CCD5 /* VersionCell.xib */; };
		848BDBF122439B6200AC214A /* Settings.storyboard in Resources */ = {isa = PBXBuildFile; fileRef = 848BDBF022439B6200AC214A /* Settings.storyboard */; };
		84DF65DA2244A18200F1F056 /* StoryboardInstantiable.swift in Sources */ = {isa = PBXBuildFile; fileRef = 84DF65D92244A18200F1F056 /* StoryboardInstantiable.swift */; };
		84DF65DC2244A23E00F1F056 /* UIViewController+StoryboardInstantiable.swift in Sources */ = {isa = PBXBuildFile; fileRef = 84DF65DB2244A23E00F1F056 /* UIViewController+StoryboardInstantiable.swift */; };
		84DF65DE2244A46200F1F056 /* Discover.storyboard in Resources */ = {isa = PBXBuildFile; fileRef = 84DF65DD2244A46200F1F056 /* Discover.storyboard */; };
		84DF65E02244A49C00F1F056 /* More.storyboard in Resources */ = {isa = PBXBuildFile; fileRef = 84DF65DF2244A49C00F1F056 /* More.storyboard */; };
		84DF65E22244A4C700F1F056 /* Search.storyboard in Resources */ = {isa = PBXBuildFile; fileRef = 84DF65E12244A4C700F1F056 /* Search.storyboard */; };
		84EACFFF2240F9A4005E39DC /* Coordinator.swift in Sources */ = {isa = PBXBuildFile; fileRef = 84EACFFE2240F9A4005E39DC /* Coordinator.swift */; };
		84EAD0012240FA9F005E39DC /* AppCoordinator.swift in Sources */ = {isa = PBXBuildFile; fileRef = 84EAD0002240FA9F005E39DC /* AppCoordinator.swift */; };
		84EAD007224108F9005E39DC /* DiscoverCoordinator.swift in Sources */ = {isa = PBXBuildFile; fileRef = 84EAD006224108F9005E39DC /* DiscoverCoordinator.swift */; };
		84EAD009224109BD005E39DC /* MoreCoordinator.swift in Sources */ = {isa = PBXBuildFile; fileRef = 84EAD008224109BD005E39DC /* MoreCoordinator.swift */; };
		84EAD00B22410A1E005E39DC /* SearchCoordinator.swift in Sources */ = {isa = PBXBuildFile; fileRef = 84EAD00A22410A1E005E39DC /* SearchCoordinator.swift */; };
		84EAD00E22410ACC005E39DC /* SettingsCoordinator.swift in Sources */ = {isa = PBXBuildFile; fileRef = 84EAD00D22410ACC005E39DC /* SettingsCoordinator.swift */; };
		84EAD01022411641005E39DC /* MoreViewController.swift in Sources */ = {isa = PBXBuildFile; fileRef = 84EAD00F22411641005E39DC /* MoreViewController.swift */; };
		84EAD01222411684005E39DC /* MoreViewModel.swift in Sources */ = {isa = PBXBuildFile; fileRef = 84EAD01122411684005E39DC /* MoreViewModel.swift */; };
		84EAD01622411A72005E39DC /* ViewController.swift in Sources */ = {isa = PBXBuildFile; fileRef = 84EAD01522411A72005E39DC /* ViewController.swift */; };
		84EAD01822411B3F005E39DC /* DiscoverViewController.swift in Sources */ = {isa = PBXBuildFile; fileRef = 84EAD01722411B3F005E39DC /* DiscoverViewController.swift */; };
		84EAD01A22411B6F005E39DC /* DiscoverViewModel.swift in Sources */ = {isa = PBXBuildFile; fileRef = 84EAD01922411B6F005E39DC /* DiscoverViewModel.swift */; };
		84EAD01C22411BC8005E39DC /* SearchViewController.swift in Sources */ = {isa = PBXBuildFile; fileRef = 84EAD01B22411BC8005E39DC /* SearchViewController.swift */; };
		84EAD01E22411BEC005E39DC /* SearchViewModel.swift in Sources */ = {isa = PBXBuildFile; fileRef = 84EAD01D22411BEC005E39DC /* SearchViewModel.swift */; };
		84EAD02022411BFF005E39DC /* SettingsViewController.swift in Sources */ = {isa = PBXBuildFile; fileRef = 84EAD01F22411BFF005E39DC /* SettingsViewController.swift */; };
		84EAD02222411C1F005E39DC /* SettingsViewModel.swift in Sources */ = {isa = PBXBuildFile; fileRef = 84EAD02122411C1F005E39DC /* SettingsViewModel.swift */; };
		84EAD026224122B5005E39DC /* Themes.swift in Sources */ = {isa = PBXBuildFile; fileRef = 84EAD025224122B5005E39DC /* Themes.swift */; };
/* End PBXBuildFile section */

/* Begin PBXFileReference section */
		840FB37622CA5D3F00591EC5 /* RxCocoa.framework */ = {isa = PBXFileReference; lastKnownFileType = wrapper.framework; name = RxCocoa.framework; path = Carthage/Build/iOS/RxCocoa.framework; sourceTree = "<group>"; };
		840FB37722CA5D3F00591EC5 /* Moya.framework */ = {isa = PBXFileReference; lastKnownFileType = wrapper.framework; name = Moya.framework; path = Carthage/Build/iOS/Moya.framework; sourceTree = "<group>"; };
		840FB37822CA5D3F00591EC5 /* RxDataSources.framework */ = {isa = PBXFileReference; lastKnownFileType = wrapper.framework; name = RxDataSources.framework; path = Carthage/Build/iOS/RxDataSources.framework; sourceTree = "<group>"; };
		840FB37922CA5D3F00591EC5 /* RxMoya.framework */ = {isa = PBXFileReference; lastKnownFileType = wrapper.framework; name = RxMoya.framework; path = Carthage/Build/iOS/RxMoya.framework; sourceTree = "<group>"; };
		840FB37A22CA5D3F00591EC5 /* Alamofire.framework */ = {isa = PBXFileReference; lastKnownFileType = wrapper.framework; name = Alamofire.framework; path = Carthage/Build/iOS/Alamofire.framework; sourceTree = "<group>"; };
		840FB37B22CA5D3F00591EC5 /* RxOptional.framework */ = {isa = PBXFileReference; lastKnownFileType = wrapper.framework; name = RxOptional.framework; path = Carthage/Build/iOS/RxOptional.framework; sourceTree = "<group>"; };
		840FB37C22CA5D3F00591EC5 /* RxTheme.framework */ = {isa = PBXFileReference; lastKnownFileType = wrapper.framework; name = RxTheme.framework; path = Carthage/Build/iOS/RxTheme.framework; sourceTree = "<group>"; };
		840FB37D22CA5D3F00591EC5 /* Differentiator.framework */ = {isa = PBXFileReference; lastKnownFileType = wrapper.framework; name = Differentiator.framework; path = Carthage/Build/iOS/Differentiator.framework; sourceTree = "<group>"; };
		840FB37E22CA5D3F00591EC5 /* RxSwift.framework */ = {isa = PBXFileReference; lastKnownFileType = wrapper.framework; name = RxSwift.framework; path = Carthage/Build/iOS/RxSwift.framework; sourceTree = "<group>"; };
		840FB37F22CA5D3F00591EC5 /* Result.framework */ = {isa = PBXFileReference; lastKnownFileType = wrapper.framework; name = Result.framework; path = Carthage/Build/iOS/Result.framework; sourceTree = "<group>"; };
		840FB38022CA5D3F00591EC5 /* SwinjectAutoregistration.framework */ = {isa = PBXFileReference; lastKnownFileType = wrapper.framework; name = SwinjectAutoregistration.framework; path = Carthage/Build/iOS/SwinjectAutoregistration.framework; sourceTree = "<group>"; };
		840FB38122CA5D3F00591EC5 /* Swinject.framework */ = {isa = PBXFileReference; lastKnownFileType = wrapper.framework; name = Swinject.framework; path = Carthage/Build/iOS/Swinject.framework; sourceTree = "<group>"; };
		840FB38222CA5D4000591EC5 /* SwinjectStoryboard.framework */ = {isa = PBXFileReference; lastKnownFileType = wrapper.framework; name = SwinjectStoryboard.framework; path = Carthage/Build/iOS/SwinjectStoryboard.framework; sourceTree = "<group>"; };
		840FB39022CA5EC000591EC5 /* RxRelay.framework */ = {isa = PBXFileReference; lastKnownFileType = wrapper.framework; name = RxRelay.framework; path = Carthage/Build/iOS/RxRelay.framework; sourceTree = "<group>"; };
		840FB39222CB65D900591EC5 /* BaseCoordinator.swift */ = {isa = PBXFileReference; lastKnownFileType = sourcecode.swift; path = BaseCoordinator.swift; sourceTree = "<group>"; };
		840FB39822CB76C700591EC5 /* Cell.swift */ = {isa = PBXFileReference; lastKnownFileType = sourcecode.swift; path = Cell.swift; sourceTree = "<group>"; };
		8447825F2244C835008D84C0 /* Settings.swift */ = {isa = PBXFileReference; lastKnownFileType = sourcecode.swift; path = Settings.swift; sourceTree = "<group>"; };
		84478263224504E9008D84C0 /* SwitchCellViewModel.swift */ = {isa = PBXFileReference; lastKnownFileType = sourcecode.swift; path = SwitchCellViewModel.swift; sourceTree = "<group>"; };
		8447826522450534008D84C0 /* VersionCellViewModel.swift */ = {isa = PBXFileReference; lastKnownFileType = sourcecode.swift; path = VersionCellViewModel.swift; sourceTree = "<group>"; };
		8447826722455E54008D84C0 /* Reusable.swift */ = {isa = PBXFileReference; lastKnownFileType = sourcecode.swift; path = Reusable.swift; sourceTree = "<group>"; };
		8447826922455F51008D84C0 /* UITableView+Reusable.swift */ = {isa = PBXFileReference; lastKnownFileType = sourcecode.swift; path = "UITableView+Reusable.swift"; sourceTree = "<group>"; };
		8447826B22463AF2008D84C0 /* AppAssembly.swift */ = {isa = PBXFileReference; lastKnownFileType = sourcecode.swift; path = AppAssembly.swift; sourceTree = "<group>"; };
		8447826D22463B45008D84C0 /* DiscoverAssembly.swift */ = {isa = PBXFileReference; lastKnownFileType = sourcecode.swift; path = DiscoverAssembly.swift; sourceTree = "<group>"; };
		8447826F22463BF0008D84C0 /* MoreAssembly.swift */ = {isa = PBXFileReference; lastKnownFileType = sourcecode.swift; path = MoreAssembly.swift; sourceTree = "<group>"; };
		8447827122463C6D008D84C0 /* SearchAssembly.swift */ = {isa = PBXFileReference; lastKnownFileType = sourcecode.swift; path = SearchAssembly.swift; sourceTree = "<group>"; };
		8447827322463CD0008D84C0 /* SettingsAssembly.swift */ = {isa = PBXFileReference; lastKnownFileType = sourcecode.swift; path = SettingsAssembly.swift; sourceTree = "<group>"; };
		8447827822479A15008D84C0 /* TMDB.swift */ = {isa = PBXFileReference; lastKnownFileType = sourcecode.swift; path = TMDB.swift; sourceTree = "<group>"; };
		8447827B2247F941008D84C0 /* Search.swift */ = {isa = PBXFileReference; lastKnownFileType = sourcecode.swift; path = Search.swift; sourceTree = "<group>"; };
		84715EB42248F7770020CC3A /* SearchCell.swift */ = {isa = PBXFileReference; lastKnownFileType = sourcecode.swift; path = SearchCell.swift; sourceTree = "<group>"; };
		84715EB52248F7770020CC3A /* SearchCell.xib */ = {isa = PBXFileReference; lastKnownFileType = file.xib; path = SearchCell.xib; sourceTree = "<group>"; };
		84715EB8224916B50020CC3A /* SearchCellViewModel.swift */ = {isa = PBXFileReference; lastKnownFileType = sourcecode.swift; path = SearchCellViewModel.swift; sourceTree = "<group>"; };
		84722FA92261FB1B00BF7398 /* Configuration.plist */ = {isa = PBXFileReference; lastKnownFileType = text.plist.xml; path = Configuration.plist; sourceTree = "<group>"; };
		84722FAB2261FB6C00BF7398 /* Configuration.swift */ = {isa = PBXFileReference; lastKnownFileType = sourcecode.swift; path = Configuration.swift; sourceTree = "<group>"; };
		84722FAD2261FBBC00BF7398 /* Dictionary+Plist.swift */ = {isa = PBXFileReference; lastKnownFileType = sourcecode.swift; path = "Dictionary+Plist.swift"; sourceTree = "<group>"; };
		8483B66422121D0F00590283 /* Movies.app */ = {isa = PBXFileReference; explicitFileType = wrapper.application; includeInIndex = 0; path = Movies.app; sourceTree = BUILT_PRODUCTS_DIR; };
		8483B66722121D0F00590283 /* AppDelegate.swift */ = {isa = PBXFileReference; lastKnownFileType = sourcecode.swift; path = AppDelegate.swift; sourceTree = "<group>"; };
		8483B66E22121D1100590283 /* Assets.xcassets */ = {isa = PBXFileReference; lastKnownFileType = folder.assetcatalog; path = Assets.xcassets; sourceTree = "<group>"; };
		8483B67122121D1100590283 /* Base */ = {isa = PBXFileReference; lastKnownFileType = file.storyboard; name = Base; path = Base.lproj/LaunchScreen.storyboard; sourceTree = "<group>"; };
		8483B67322121D1100590283 /* Info.plist */ = {isa = PBXFileReference; lastKnownFileType = text.plist.xml; path = Info.plist; sourceTree = "<group>"; };
		8486E0CF2243A8C30020CCD5 /* UINavigationController+StatusBarStyle.swift */ = {isa = PBXFileReference; lastKnownFileType = sourcecode.swift; path = "UINavigationController+StatusBarStyle.swift"; sourceTree = "<group>"; };
		8486E0D22243A92E0020CCD5 /* SwitchCell.swift */ = {isa = PBXFileReference; lastKnownFileType = sourcecode.swift; path = SwitchCell.swift; sourceTree = "<group>"; };
		8486E0D32243A92E0020CCD5 /* SwitchCell.xib */ = {isa = PBXFileReference; lastKnownFileType = file.xib; path = SwitchCell.xib; sourceTree = "<group>"; };
		8486E0D62243ACB90020CCD5 /* VersionCell.swift */ = {isa = PBXFileReference; lastKnownFileType = sourcecode.swift; path = VersionCell.swift; sourceTree = "<group>"; };
		8486E0D72243ACB90020CCD5 /* VersionCell.xib */ = {isa = PBXFileReference; lastKnownFileType = file.xib; path = VersionCell.xib; sourceTree = "<group>"; };
		848BDBF022439B6200AC214A /* Settings.storyboard */ = {isa = PBXFileReference; lastKnownFileType = file.storyboard; path = Settings.storyboard; sourceTree = "<group>"; };
		84DF65D92244A18200F1F056 /* StoryboardInstantiable.swift */ = {isa = PBXFileReference; lastKnownFileType = sourcecode.swift; path = StoryboardInstantiable.swift; sourceTree = "<group>"; };
		84DF65DB2244A23E00F1F056 /* UIViewController+StoryboardInstantiable.swift */ = {isa = PBXFileReference; lastKnownFileType = sourcecode.swift; path = "UIViewController+StoryboardInstantiable.swift"; sourceTree = "<group>"; };
		84DF65DD2244A46200F1F056 /* Discover.storyboard */ = {isa = PBXFileReference; lastKnownFileType = file.storyboard; path = Discover.storyboard; sourceTree = "<group>"; };
		84DF65DF2244A49C00F1F056 /* More.storyboard */ = {isa = PBXFileReference; lastKnownFileType = file.storyboard; path = More.storyboard; sourceTree = "<group>"; };
		84DF65E12244A4C700F1F056 /* Search.storyboard */ = {isa = PBXFileReference; lastKnownFileType = file.storyboard; path = Search.storyboard; sourceTree = "<group>"; };
		84EACFFE2240F9A4005E39DC /* Coordinator.swift */ = {isa = PBXFileReference; lastKnownFileType = sourcecode.swift; path = Coordinator.swift; sourceTree = "<group>"; };
		84EAD0002240FA9F005E39DC /* AppCoordinator.swift */ = {isa = PBXFileReference; lastKnownFileType = sourcecode.swift; path = AppCoordinator.swift; sourceTree = "<group>"; };
		84EAD006224108F9005E39DC /* DiscoverCoordinator.swift */ = {isa = PBXFileReference; lastKnownFileType = sourcecode.swift; path = DiscoverCoordinator.swift; sourceTree = "<group>"; };
		84EAD008224109BD005E39DC /* MoreCoordinator.swift */ = {isa = PBXFileReference; lastKnownFileType = sourcecode.swift; path = MoreCoordinator.swift; sourceTree = "<group>"; };
		84EAD00A22410A1E005E39DC /* SearchCoordinator.swift */ = {isa = PBXFileReference; lastKnownFileType = sourcecode.swift; path = SearchCoordinator.swift; sourceTree = "<group>"; };
		84EAD00D22410ACC005E39DC /* SettingsCoordinator.swift */ = {isa = PBXFileReference; lastKnownFileType = sourcecode.swift; path = SettingsCoordinator.swift; sourceTree = "<group>"; };
		84EAD00F22411641005E39DC /* MoreViewController.swift */ = {isa = PBXFileReference; lastKnownFileType = sourcecode.swift; path = MoreViewController.swift; sourceTree = "<group>"; };
		84EAD01122411684005E39DC /* MoreViewModel.swift */ = {isa = PBXFileReference; lastKnownFileType = sourcecode.swift; path = MoreViewModel.swift; sourceTree = "<group>"; };
		84EAD01522411A72005E39DC /* ViewController.swift */ = {isa = PBXFileReference; lastKnownFileType = sourcecode.swift; path = ViewController.swift; sourceTree = "<group>"; };
		84EAD01722411B3F005E39DC /* DiscoverViewController.swift */ = {isa = PBXFileReference; lastKnownFileType = sourcecode.swift; path = DiscoverViewController.swift; sourceTree = "<group>"; };
		84EAD01922411B6F005E39DC /* DiscoverViewModel.swift */ = {isa = PBXFileReference; lastKnownFileType = sourcecode.swift; path = DiscoverViewModel.swift; sourceTree = "<group>"; };
		84EAD01B22411BC8005E39DC /* SearchViewController.swift */ = {isa = PBXFileReference; lastKnownFileType = sourcecode.swift; path = SearchViewController.swift; sourceTree = "<group>"; };
		84EAD01D22411BEC005E39DC /* SearchViewModel.swift */ = {isa = PBXFileReference; lastKnownFileType = sourcecode.swift; path = SearchViewModel.swift; sourceTree = "<group>"; };
		84EAD01F22411BFF005E39DC /* SettingsViewController.swift */ = {isa = PBXFileReference; lastKnownFileType = sourcecode.swift; path = SettingsViewController.swift; sourceTree = "<group>"; };
		84EAD02122411C1F005E39DC /* SettingsViewModel.swift */ = {isa = PBXFileReference; lastKnownFileType = sourcecode.swift; path = SettingsViewModel.swift; sourceTree = "<group>"; };
		84EAD025224122B5005E39DC /* Themes.swift */ = {isa = PBXFileReference; lastKnownFileType = sourcecode.swift; path = Themes.swift; sourceTree = "<group>"; };
/* End PBXFileReference section */

/* Begin PBXFrameworksBuildPhase section */
		8483B66122121D0F00590283 /* Frameworks */ = {
			isa = PBXFrameworksBuildPhase;
			buildActionMask = 2147483647;
			files = (
				840FB38322CA5D4000591EC5 /* RxCocoa.framework in Frameworks */,
				840FB38422CA5D4000591EC5 /* Moya.framework in Frameworks */,
				840FB38522CA5D4000591EC5 /* RxDataSources.framework in Frameworks */,
				840FB38622CA5D4000591EC5 /* RxMoya.framework in Frameworks */,
				840FB38722CA5D4000591EC5 /* Alamofire.framework in Frameworks */,
				840FB38822CA5D4000591EC5 /* RxOptional.framework in Frameworks */,
				840FB38922CA5D4000591EC5 /* RxTheme.framework in Frameworks */,
				840FB38A22CA5D4000591EC5 /* Differentiator.framework in Frameworks */,
				840FB38B22CA5D4000591EC5 /* RxSwift.framework in Frameworks */,
				840FB38C22CA5D4000591EC5 /* Result.framework in Frameworks */,
				840FB38D22CA5D4000591EC5 /* SwinjectAutoregistration.framework in Frameworks */,
				840FB38E22CA5D4000591EC5 /* Swinject.framework in Frameworks */,
				840FB38F22CA5D4000591EC5 /* SwinjectStoryboard.framework in Frameworks */,
				840FB39122CA5EC000591EC5 /* RxRelay.framework in Frameworks */,
			);
			runOnlyForDeploymentPostprocessing = 0;
		};
/* End PBXFrameworksBuildPhase section */

/* Begin PBXGroup section */
		8447827722479A04008D84C0 /* Services */ = {
			isa = PBXGroup;
			children = (
				8447827822479A15008D84C0 /* TMDB.swift */,
			);
			path = Services;
			sourceTree = "<group>";
		};
		8447827A2247F933008D84C0 /* Models */ = {
			isa = PBXGroup;
			children = (
				8447827B2247F941008D84C0 /* Search.swift */,
			);
			path = Models;
			sourceTree = "<group>";
		};
		846887FC22178501006DCF7C /* Frameworks */ = {
			isa = PBXGroup;
			children = (
				840FB39022CA5EC000591EC5 /* RxRelay.framework */,
				840FB37A22CA5D3F00591EC5 /* Alamofire.framework */,
				840FB37D22CA5D3F00591EC5 /* Differentiator.framework */,
				840FB37722CA5D3F00591EC5 /* Moya.framework */,
				840FB37F22CA5D3F00591EC5 /* Result.framework */,
				840FB37622CA5D3F00591EC5 /* RxCocoa.framework */,
				840FB37822CA5D3F00591EC5 /* RxDataSources.framework */,
				840FB37922CA5D3F00591EC5 /* RxMoya.framework */,
				840FB37B22CA5D3F00591EC5 /* RxOptional.framework */,
				840FB37E22CA5D3F00591EC5 /* RxSwift.framework */,
				840FB37C22CA5D3F00591EC5 /* RxTheme.framework */,
				840FB38122CA5D3F00591EC5 /* Swinject.framework */,
				840FB38022CA5D3F00591EC5 /* SwinjectAutoregistration.framework */,
				840FB38222CA5D4000591EC5 /* SwinjectStoryboard.framework */,
			);
			name = Frameworks;
			sourceTree = "<group>";
		};
		84715EB32248F75D0020CC3A /* Cells */ = {
			isa = PBXGroup;
			children = (
				84715EB42248F7770020CC3A /* SearchCell.swift */,
				84715EB52248F7770020CC3A /* SearchCell.xib */,
				84715EB8224916B50020CC3A /* SearchCellViewModel.swift */,
			);
			path = Cells;
			sourceTree = "<group>";
		};
		8483B65B22121D0F00590283 = {
			isa = PBXGroup;
			children = (
				8483B66622121D0F00590283 /* Movies */,
				8483B66522121D0F00590283 /* Products */,
				846887FC22178501006DCF7C /* Frameworks */,
			);
			sourceTree = "<group>";
		};
		8483B66522121D0F00590283 /* Products */ = {
			isa = PBXGroup;
			children = (
				8483B66422121D0F00590283 /* Movies.app */,
			);
			name = Products;
			sourceTree = "<group>";
		};
		8483B66622121D0F00590283 /* Movies */ = {
			isa = PBXGroup;
			children = (
				8483B67A22121D5700590283 /* Resources */,
				8483B67922121D2700590283 /* Sources */,
				84722FA92261FB1B00BF7398 /* Configuration.plist */,
				8483B67322121D1100590283 /* Info.plist */,
			);
			path = Movies;
			sourceTree = "<group>";
		};
		8483B67922121D2700590283 /* Sources */ = {
			isa = PBXGroup;
			children = (
				8447827A2247F933008D84C0 /* Models */,
				84EAD002224108A3005E39DC /* Scenes */,
				8447827722479A04008D84C0 /* Services */,
				84EACFFD2240F961005E39DC /* Utilities */,
				8447826B22463AF2008D84C0 /* AppAssembly.swift */,
				84EAD0002240FA9F005E39DC /* AppCoordinator.swift */,
				8483B66722121D0F00590283 /* AppDelegate.swift */,
			);
			path = Sources;
			sourceTree = "<group>";
		};
		8483B67A22121D5700590283 /* Resources */ = {
			isa = PBXGroup;
			children = (
				8483B66E22121D1100590283 /* Assets.xcassets */,
				8483B67022121D1100590283 /* LaunchScreen.storyboard */,
			);
			path = Resources;
			sourceTree = "<group>";
		};
		8486E0CE2243A8B70020CCD5 /* Extensions */ = {
			isa = PBXGroup;
			children = (
				84722FAD2261FBBC00BF7398 /* Dictionary+Plist.swift */,
				8486E0CF2243A8C30020CCD5 /* UINavigationController+StatusBarStyle.swift */,
				8447826922455F51008D84C0 /* UITableView+Reusable.swift */,
				84DF65DB2244A23E00F1F056 /* UIViewController+StoryboardInstantiable.swift */,
			);
			path = Extensions;
			sourceTree = "<group>";
		};
		8486E0D12243A9080020CCD5 /* Cells */ = {
			isa = PBXGroup;
			children = (
				8486E0D22243A92E0020CCD5 /* SwitchCell.swift */,
				8486E0D32243A92E0020CCD5 /* SwitchCell.xib */,
				84478263224504E9008D84C0 /* SwitchCellViewModel.swift */,
				8486E0D62243ACB90020CCD5 /* VersionCell.swift */,
				8486E0D72243ACB90020CCD5 /* VersionCell.xib */,
				8447826522450534008D84C0 /* VersionCellViewModel.swift */,
			);
			path = Cells;
			sourceTree = "<group>";
		};
		84EACFFD2240F961005E39DC /* Utilities */ = {
			isa = PBXGroup;
			children = (
				8486E0CE2243A8B70020CCD5 /* Extensions */,
				840FB39222CB65D900591EC5 /* BaseCoordinator.swift */,
				84722FAB2261FB6C00BF7398 /* Configuration.swift */,
				84EACFFE2240F9A4005E39DC /* Coordinator.swift */,
				8447826722455E54008D84C0 /* Reusable.swift */,
				8447825F2244C835008D84C0 /* Settings.swift */,
				84DF65D92244A18200F1F056 /* StoryboardInstantiable.swift */,
				84EAD025224122B5005E39DC /* Themes.swift */,
				84EAD01522411A72005E39DC /* ViewController.swift */,
				840FB39822CB76C700591EC5 /* Cell.swift */,
			);
			path = Utilities;
			sourceTree = "<group>";
		};
		84EAD002224108A3005E39DC /* Scenes */ = {
			isa = PBXGroup;
			children = (
				84EAD003224108B2005E39DC /* Discover */,
				84EAD005224108CA005E39DC /* More */,
				84EAD004224108BC005E39DC /* Search */,
				84EAD00C22410AA0005E39DC /* Settings */,
			);
			path = Scenes;
			sourceTree = "<group>";
		};
		84EAD003224108B2005E39DC /* Discover */ = {
			isa = PBXGroup;
			children = (
				84DF65DD2244A46200F1F056 /* Discover.storyboard */,
				8447826D22463B45008D84C0 /* DiscoverAssembly.swift */,
				84EAD006224108F9005E39DC /* DiscoverCoordinator.swift */,
				84EAD01722411B3F005E39DC /* DiscoverViewController.swift */,
				84EAD01922411B6F005E39DC /* DiscoverViewModel.swift */,
			);
			path = Discover;
			sourceTree = "<group>";
		};
		84EAD004224108BC005E39DC /* Search */ = {
			isa = PBXGroup;
			children = (
				84715EB32248F75D0020CC3A /* Cells */,
				84DF65E12244A4C700F1F056 /* Search.storyboard */,
				8447827122463C6D008D84C0 /* SearchAssembly.swift */,
				84EAD00A22410A1E005E39DC /* SearchCoordinator.swift */,
				84EAD01B22411BC8005E39DC /* SearchViewController.swift */,
				84EAD01D22411BEC005E39DC /* SearchViewModel.swift */,
			);
			path = Search;
			sourceTree = "<group>";
		};
		84EAD005224108CA005E39DC /* More */ = {
			isa = PBXGroup;
			children = (
				84DF65DF2244A49C00F1F056 /* More.storyboard */,
				8447826F22463BF0008D84C0 /* MoreAssembly.swift */,
				84EAD008224109BD005E39DC /* MoreCoordinator.swift */,
				84EAD00F22411641005E39DC /* MoreViewController.swift */,
				84EAD01122411684005E39DC /* MoreViewModel.swift */,
			);
			path = More;
			sourceTree = "<group>";
		};
		84EAD00C22410AA0005E39DC /* Settings */ = {
			isa = PBXGroup;
			children = (
				8486E0D12243A9080020CCD5 /* Cells */,
				848BDBF022439B6200AC214A /* Settings.storyboard */,
				8447827322463CD0008D84C0 /* SettingsAssembly.swift */,
				84EAD00D22410ACC005E39DC /* SettingsCoordinator.swift */,
				84EAD01F22411BFF005E39DC /* SettingsViewController.swift */,
				84EAD02122411C1F005E39DC /* SettingsViewModel.swift */,
			);
			path = Settings;
			sourceTree = "<group>";
		};
/* End PBXGroup section */

/* Begin PBXNativeTarget section */
		8483B66322121D0F00590283 /* Movies */ = {
			isa = PBXNativeTarget;
			buildConfigurationList = 8483B67622121D1100590283 /* Build configuration list for PBXNativeTarget "Movies" */;
			buildPhases = (
				8483B66022121D0F00590283 /* Sources */,
				8483B66122121D0F00590283 /* Frameworks */,
				8483B66222121D0F00590283 /* Resources */,
				8468880322178523006DCF7C /* Carthage */,
			);
			buildRules = (
			);
			dependencies = (
			);
			name = Movies;
			productName = Movies;
			productReference = 8483B66422121D0F00590283 /* Movies.app */;
			productType = "com.apple.product-type.application";
		};
/* End PBXNativeTarget section */

/* Begin PBXProject section */
		8483B65C22121D0F00590283 /* Project object */ = {
			isa = PBXProject;
			attributes = {
				LastSwiftUpdateCheck = 1010;
				LastUpgradeCheck = 1010;
				TargetAttributes = {
					8483B66322121D0F00590283 = {
						CreatedOnToolsVersion = 10.1;
					};
				};
			};
			buildConfigurationList = 8483B65F22121D0F00590283 /* Build configuration list for PBXProject "Movies" */;
			compatibilityVersion = "Xcode 10.0";
			developmentRegion = en;
			hasScannedForEncodings = 0;
			knownRegions = (
				en,
				Base,
			);
			mainGroup = 8483B65B22121D0F00590283;
			productRefGroup = 8483B66522121D0F00590283 /* Products */;
			projectDirPath = "";
			projectRoot = "";
			targets = (
				8483B66322121D0F00590283 /* Movies */,
			);
		};
/* End PBXProject section */

/* Begin PBXResourcesBuildPhase section */
		8483B66222121D0F00590283 /* Resources */ = {
			isa = PBXResourcesBuildPhase;
			buildActionMask = 2147483647;
			files = (
				848BDBF122439B6200AC214A /* Settings.storyboard in Resources */,
				84722FAA2261FB1B00BF7398 /* Configuration.plist in Resources */,
				8486E0D52243A92E0020CCD5 /* SwitchCell.xib in Resources */,
				84DF65E02244A49C00F1F056 /* More.storyboard in Resources */,
				8486E0D92243ACB90020CCD5 /* VersionCell.xib in Resources */,
				8483B67222121D1100590283 /* LaunchScreen.storyboard in Resources */,
				8483B66F22121D1100590283 /* Assets.xcassets in Resources */,
				84715EB72248F7770020CC3A /* SearchCell.xib in Resources */,
				84DF65E22244A4C700F1F056 /* Search.storyboard in Resources */,
				84DF65DE2244A46200F1F056 /* Discover.storyboard in Resources */,
			);
			runOnlyForDeploymentPostprocessing = 0;
		};
/* End PBXResourcesBuildPhase section */

/* Begin PBXShellScriptBuildPhase section */
		8468880322178523006DCF7C /* Carthage */ = {
			isa = PBXShellScriptBuildPhase;
			buildActionMask = 2147483647;
			files = (
			);
			inputFileListPaths = (
				"$(SRCROOT)/Movies/Build Phases/Carthage/Input.xcfilelist",
			);
			inputPaths = (
			);
			name = Carthage;
			outputFileListPaths = (
				"$(SRCROOT)/Movies/Build Phases/Carthage/Output.xcfilelist",
			);
			outputPaths = (
			);
			runOnlyForDeploymentPostprocessing = 0;
			shellPath = /bin/sh;
			shellScript = "/usr/local/bin/carthage copy-frameworks\n";
		};
/* End PBXShellScriptBuildPhase section */

/* Begin PBXSourcesBuildPhase section */
		8483B66022121D0F00590283 /* Sources */ = {
			isa = PBXSourcesBuildPhase;
			buildActionMask = 2147483647;
			files = (
				84EAD01222411684005E39DC /* MoreViewModel.swift in Sources */,
				8486E0D82243ACB90020CCD5 /* VersionCell.swift in Sources */,
				8447827022463BF0008D84C0 /* MoreAssembly.swift in Sources */,
				84EAD009224109BD005E39DC /* MoreCoordinator.swift in Sources */,
				8447826622450534008D84C0 /* VersionCellViewModel.swift in Sources */,
				8447827222463C6D008D84C0 /* SearchAssembly.swift in Sources */,
				84478264224504E9008D84C0 /* SwitchCellViewModel.swift in Sources */,
				84EAD0012240FA9F005E39DC /* AppCoordinator.swift in Sources */,
				8483B66822121D0F00590283 /* AppDelegate.swift in Sources */,
				84EACFFF2240F9A4005E39DC /* Coordinator.swift in Sources */,
				84EAD01622411A72005E39DC /* ViewController.swift in Sources */,
				84EAD00E22410ACC005E39DC /* SettingsCoordinator.swift in Sources */,
				840FB39322CB65D900591EC5 /* BaseCoordinator.swift in Sources */,
				8447826C22463AF2008D84C0 /* AppAssembly.swift in Sources */,
				8447826E22463B45008D84C0 /* DiscoverAssembly.swift in Sources */,
				844782602244C835008D84C0 /* Settings.swift in Sources */,
				8447827422463CD0008D84C0 /* SettingsAssembly.swift in Sources */,
				8447827C2247F941008D84C0 /* Search.swift in Sources */,
				8447827922479A15008D84C0 /* TMDB.swift in Sources */,
				84EAD01022411641005E39DC /* MoreViewController.swift in Sources */,
				84DF65DA2244A18200F1F056 /* StoryboardInstantiable.swift in Sources */,
				84722FAC2261FB6C00BF7398 /* Configuration.swift in Sources */,
				84EAD02022411BFF005E39DC /* SettingsViewController.swift in Sources */,
				84EAD01E22411BEC005E39DC /* SearchViewModel.swift in Sources */,
				84DF65DC2244A23E00F1F056 /* UIViewController+StoryboardInstantiable.swift in Sources */,
				8486E0D02243A8C30020CCD5 /* UINavigationController+StatusBarStyle.swift in Sources */,
				84EAD01C22411BC8005E39DC /* SearchViewController.swift in Sources */,
				8486E0D42243A92E0020CCD5 /* SwitchCell.swift in Sources */,
				8447826A22455F51008D84C0 /* UITableView+Reusable.swift in Sources */,
				84EAD01822411B3F005E39DC /* DiscoverViewController.swift in Sources */,
				84EAD01A22411B6F005E39DC /* DiscoverViewModel.swift in Sources */,
				84EAD026224122B5005E39DC /* Themes.swift in Sources */,
				84EAD00B22410A1E005E39DC /* SearchCoordinator.swift in Sources */,
				84715EB62248F7770020CC3A /* SearchCell.swift in Sources */,
				84EAD007224108F9005E39DC /* DiscoverCoordinator.swift in Sources */,
				8447826822455E55008D84C0 /* Reusable.swift in Sources */,
				84715EB9224916B50020CC3A /* SearchCellViewModel.swift in Sources */,
				840FB39922CB76C700591EC5 /* Cell.swift in Sources */,
				84722FAE2261FBBC00BF7398 /* Dictionary+Plist.swift in Sources */,
				84EAD02222411C1F005E39DC /* SettingsViewModel.swift in Sources */,
			);
			runOnlyForDeploymentPostprocessing = 0;
		};
/* End PBXSourcesBuildPhase section */

/* Begin PBXVariantGroup section */
		8483B67022121D1100590283 /* LaunchScreen.storyboard */ = {
			isa = PBXVariantGroup;
			children = (
				8483B67122121D1100590283 /* Base */,
			);
			name = LaunchScreen.storyboard;
			sourceTree = "<group>";
		};
/* End PBXVariantGroup section */

/* Begin XCBuildConfiguration section */
		8483B67422121D1100590283 /* Debug */ = {
			isa = XCBuildConfiguration;
			buildSettings = {
				ALWAYS_SEARCH_USER_PATHS = NO;
				CLANG_ANALYZER_NONNULL = YES;
				CLANG_ANALYZER_NUMBER_OBJECT_CONVERSION = YES_AGGRESSIVE;
				CLANG_CXX_LANGUAGE_STANDARD = "gnu++14";
				CLANG_CXX_LIBRARY = "libc++";
				CLANG_ENABLE_MODULES = YES;
				CLANG_ENABLE_OBJC_ARC = YES;
				CLANG_ENABLE_OBJC_WEAK = YES;
				CLANG_WARN_BLOCK_CAPTURE_AUTORELEASING = YES;
				CLANG_WARN_BOOL_CONVERSION = YES;
				CLANG_WARN_COMMA = YES;
				CLANG_WARN_CONSTANT_CONVERSION = YES;
				CLANG_WARN_DEPRECATED_OBJC_IMPLEMENTATIONS = YES;
				CLANG_WARN_DIRECT_OBJC_ISA_USAGE = YES_ERROR;
				CLANG_WARN_DOCUMENTATION_COMMENTS = YES;
				CLANG_WARN_EMPTY_BODY = YES;
				CLANG_WARN_ENUM_CONVERSION = YES;
				CLANG_WARN_INFINITE_RECURSION = YES;
				CLANG_WARN_INT_CONVERSION = YES;
				CLANG_WARN_NON_LITERAL_NULL_CONVERSION = YES;
				CLANG_WARN_OBJC_IMPLICIT_RETAIN_SELF = YES;
				CLANG_WARN_OBJC_LITERAL_CONVERSION = YES;
				CLANG_WARN_OBJC_ROOT_CLASS = YES_ERROR;
				CLANG_WARN_RANGE_LOOP_ANALYSIS = YES;
				CLANG_WARN_STRICT_PROTOTYPES = YES;
				CLANG_WARN_SUSPICIOUS_MOVE = YES;
				CLANG_WARN_UNGUARDED_AVAILABILITY = YES_AGGRESSIVE;
				CLANG_WARN_UNREACHABLE_CODE = YES;
				CLANG_WARN__DUPLICATE_METHOD_MATCH = YES;
				CODE_SIGN_IDENTITY = "iPhone Developer";
				COPY_PHASE_STRIP = NO;
				DEBUG_INFORMATION_FORMAT = dwarf;
				ENABLE_STRICT_OBJC_MSGSEND = YES;
				ENABLE_TESTABILITY = YES;
				GCC_C_LANGUAGE_STANDARD = gnu11;
				GCC_DYNAMIC_NO_PIC = NO;
				GCC_NO_COMMON_BLOCKS = YES;
				GCC_OPTIMIZATION_LEVEL = 0;
				GCC_PREPROCESSOR_DEFINITIONS = (
					"DEBUG=1",
					"$(inherited)",
				);
				GCC_WARN_64_TO_32_BIT_CONVERSION = YES;
				GCC_WARN_ABOUT_RETURN_TYPE = YES_ERROR;
				GCC_WARN_UNDECLARED_SELECTOR = YES;
				GCC_WARN_UNINITIALIZED_AUTOS = YES_AGGRESSIVE;
				GCC_WARN_UNUSED_FUNCTION = YES;
				GCC_WARN_UNUSED_VARIABLE = YES;
				IPHONEOS_DEPLOYMENT_TARGET = 12.0;
				MTL_ENABLE_DEBUG_INFO = INCLUDE_SOURCE;
				MTL_FAST_MATH = YES;
				ONLY_ACTIVE_ARCH = YES;
				SDKROOT = iphoneos;
				SWIFT_ACTIVE_COMPILATION_CONDITIONS = DEBUG;
				SWIFT_OPTIMIZATION_LEVEL = "-Onone";
			};
			name = Debug;
		};
		8483B67522121D1100590283 /* Release */ = {
			isa = XCBuildConfiguration;
			buildSettings = {
				ALWAYS_SEARCH_USER_PATHS = NO;
				CLANG_ANALYZER_NONNULL = YES;
				CLANG_ANALYZER_NUMBER_OBJECT_CONVERSION = YES_AGGRESSIVE;
				CLANG_CXX_LANGUAGE_STANDARD = "gnu++14";
				CLANG_CXX_LIBRARY = "libc++";
				CLANG_ENABLE_MODULES = YES;
				CLANG_ENABLE_OBJC_ARC = YES;
				CLANG_ENABLE_OBJC_WEAK = YES;
				CLANG_WARN_BLOCK_CAPTURE_AUTORELEASING = YES;
				CLANG_WARN_BOOL_CONVERSION = YES;
				CLANG_WARN_COMMA = YES;
				CLANG_WARN_CONSTANT_CONVERSION = YES;
				CLANG_WARN_DEPRECATED_OBJC_IMPLEMENTATIONS = YES;
				CLANG_WARN_DIRECT_OBJC_ISA_USAGE = YES_ERROR;
				CLANG_WARN_DOCUMENTATION_COMMENTS = YES;
				CLANG_WARN_EMPTY_BODY = YES;
				CLANG_WARN_ENUM_CONVERSION = YES;
				CLANG_WARN_INFINITE_RECURSION = YES;
				CLANG_WARN_INT_CONVERSION = YES;
				CLANG_WARN_NON_LITERAL_NULL_CONVERSION = YES;
				CLANG_WARN_OBJC_IMPLICIT_RETAIN_SELF = YES;
				CLANG_WARN_OBJC_LITERAL_CONVERSION = YES;
				CLANG_WARN_OBJC_ROOT_CLASS = YES_ERROR;
				CLANG_WARN_RANGE_LOOP_ANALYSIS = YES;
				CLANG_WARN_STRICT_PROTOTYPES = YES;
				CLANG_WARN_SUSPICIOUS_MOVE = YES;
				CLANG_WARN_UNGUARDED_AVAILABILITY = YES_AGGRESSIVE;
				CLANG_WARN_UNREACHABLE_CODE = YES;
				CLANG_WARN__DUPLICATE_METHOD_MATCH = YES;
				CODE_SIGN_IDENTITY = "iPhone Developer";
				COPY_PHASE_STRIP = NO;
				DEBUG_INFORMATION_FORMAT = "dwarf-with-dsym";
				ENABLE_NS_ASSERTIONS = NO;
				ENABLE_STRICT_OBJC_MSGSEND = YES;
				GCC_C_LANGUAGE_STANDARD = gnu11;
				GCC_NO_COMMON_BLOCKS = YES;
				GCC_WARN_64_TO_32_BIT_CONVERSION = YES;
				GCC_WARN_ABOUT_RETURN_TYPE = YES_ERROR;
				GCC_WARN_UNDECLARED_SELECTOR = YES;
				GCC_WARN_UNINITIALIZED_AUTOS = YES_AGGRESSIVE;
				GCC_WARN_UNUSED_FUNCTION = YES;
				GCC_WARN_UNUSED_VARIABLE = YES;
				IPHONEOS_DEPLOYMENT_TARGET = 12.0;
				MTL_ENABLE_DEBUG_INFO = NO;
				MTL_FAST_MATH = YES;
				SDKROOT = iphoneos;
				SWIFT_COMPILATION_MODE = wholemodule;
				SWIFT_OPTIMIZATION_LEVEL = "-O";
				VALIDATE_PRODUCT = YES;
			};
			name = Release;
		};
		8483B67722121D1100590283 /* Debug */ = {
			isa = XCBuildConfiguration;
			buildSettings = {
				ASSETCATALOG_COMPILER_APPICON_NAME = AppIcon;
				CODE_SIGN_STYLE = Automatic;
				FRAMEWORK_SEARCH_PATHS = (
					"$(inherited)",
					"$(PROJECT_DIR)/Carthage/Build/iOS",
				);
				INFOPLIST_FILE = Movies/Info.plist;
				IPHONEOS_DEPLOYMENT_TARGET = 12.0;
				LD_RUNPATH_SEARCH_PATHS = (
					"$(inherited)",
					"@executable_path/Frameworks",
				);
				PRODUCT_BUNDLE_IDENTIFIER = com.difomiry.Movies;
				PRODUCT_NAME = "$(TARGET_NAME)";
				SWIFT_VERSION = 5.0;
				TARGETED_DEVICE_FAMILY = 1;
			};
			name = Debug;
		};
		8483B67822121D1100590283 /* Release */ = {
			isa = XCBuildConfiguration;
			buildSettings = {
				ASSETCATALOG_COMPILER_APPICON_NAME = AppIcon;
				CODE_SIGN_STYLE = Automatic;
				FRAMEWORK_SEARCH_PATHS = (
					"$(inherited)",
					"$(PROJECT_DIR)/Carthage/Build/iOS",
				);
				INFOPLIST_FILE = Movies/Info.plist;
				IPHONEOS_DEPLOYMENT_TARGET = 12.0;
				LD_RUNPATH_SEARCH_PATHS = (
					"$(inherited)",
					"@executable_path/Frameworks",
				);
				PRODUCT_BUNDLE_IDENTIFIER = com.difomiry.Movies;
				PRODUCT_NAME = "$(TARGET_NAME)";
				SWIFT_VERSION = 5.0;
				TARGETED_DEVICE_FAMILY = 1;
			};
			name = Release;
		};
/* End XCBuildConfiguration section */

/* Begin XCConfigurationList section */
		8483B65F22121D0F00590283 /* Build configuration list for PBXProject "Movies" */ = {
			isa = XCConfigurationList;
			buildConfigurations = (
				8483B67422121D1100590283 /* Debug */,
				8483B67522121D1100590283 /* Release */,
			);
			defaultConfigurationIsVisible = 0;
			defaultConfigurationName = Release;
		};
		8483B67622121D1100590283 /* Build configuration list for PBXNativeTarget "Movies" */ = {
			isa = XCConfigurationList;
			buildConfigurations = (
				8483B67722121D1100590283 /* Debug */,
				8483B67822121D1100590283 /* Release */,
			);
			defaultConfigurationIsVisible = 0;
			defaultConfigurationName = Release;
		};
/* End XCConfigurationList section */
	};
	rootObject = 8483B65C22121D0F00590283 /* Project object */;
}
